
Microsoft Visual Studio Solution File, Format Version 12.00
# Visual Studio Version 17
VisualStudioVersion = 17.6.33815.320
MinimumVisualStudioVersion = 10.0.40219.1
Project("{9A19103F-16F7-4668-BE54-9A1E7A4F7556}") = "ZatcaInvoiceHash", "ZatcaConsole\ZatcaInvoiceHash.csproj", "{C0DCEBE9-F366-4940-8762-22577C268F9C}"
EndProject
Global
	GlobalSection(SolutionConfigurationPlatforms) = preSolution
		Debug|Any CPU = Debug|Any CPU
		Release|Any CPU = Release|Any CPU
	EndGlobalSection
	GlobalSection(ProjectConfigurationPlatforms) = postSolution
		{C0DCEBE9-F366-4940-8762-22577C268F9C}.Debug|Any CPU.ActiveCfg = Debug|Any CPU
		{C0DCEBE9-F366-4940-8762-22577C268F9C}.Debug|Any CPU.Build.0 = Debug|Any CPU
		{C0DCEBE9-F366-4940-8762-22577C268F9C}.Release|Any CPU.ActiveCfg = Release|Any CPU
		{C0DCEBE9-F366-4940-8762-22577C268F9C}.Release|Any CPU.Build.0 = Release|Any CPU
	EndGlobalSection
	GlobalSection(SolutionProperties) = preSolution
		HideSolutionNode = FALSE
	EndGlobalSection
	GlobalSection(ExtensibilityGlobals) = postSolution
		SolutionGuid = {42E6EA14-1F30-45AA-B022-433A091B1913}
	EndGlobalSection
EndGlobal
